
Microsoft Visual Studio Solution File, Format Version 12.00
# Visual Studio Version 17
VisualStudioVersion = 17.5.33530.505
MinimumVisualStudioVersion = 10.0.40219.1
Project("{9A19103F-16F7-4668-BE54-9A1E7A4F7556}") = "Reddit-News-Weather", "Reddit-News-Weather.csproj", "{B40BB23D-9D8F-484F-95B8-0895D84CFC06}"
EndProject
Project("{9A19103F-16F7-4668-BE54-9A1E7A4F7556}") = "Reddit-News-Weather-Unit-Tests", "..\Reddit-News-Weather-Unit-Tests\Reddit-News-Weather-Unit-Tests.csproj", "{4AA3100F-8880-40A3-AFD1-CBDA29F7303F}"
EndProject
Global
	GlobalSection(SolutionConfigurationPlatforms) = preSolution
		Debug|Any CPU = Debug|Any CPU
		Release|Any CPU = Release|Any CPU
	EndGlobalSection
	GlobalSection(ProjectConfigurationPlatforms) = postSolution
		{B40BB23D-9D8F-484F-95B8-0895D84CFC06}.Debug|Any CPU.ActiveCfg = Debug|Any CPU
		{B40BB23D-9D8F-484F-95B8-0895D84CFC06}.Debug|Any CPU.Build.0 = Debug|Any CPU
		{B40BB23D-9D8F-484F-95B8-0895D84CFC06}.Release|Any CPU.ActiveCfg = Release|Any CPU
		{B40BB23D-9D8F-484F-95B8-0895D84CFC06}.Release|Any CPU.Build.0 = Release|Any CPU
		{4AA3100F-8880-40A3-AFD1-CBDA29F7303F}.Debug|Any CPU.ActiveCfg = Debug|Any CPU
		{4AA3100F-8880-40A3-AFD1-CBDA29F7303F}.Debug|Any CPU.Build.0 = Debug|Any CPU
		{4AA3100F-8880-40A3-AFD1-CBDA29F7303F}.Release|Any CPU.ActiveCfg = Release|Any CPU
		{4AA3100F-8880-40A3-AFD1-CBDA29F7303F}.Release|Any CPU.Build.0 = Release|Any CPU
	EndGlobalSection
	GlobalSection(SolutionProperties) = preSolution
		HideSolutionNode = FALSE
	EndGlobalSection
	GlobalSection(ExtensibilityGlobals) = postSolution
		SolutionGuid = {7A0F4E88-9EA8-436D-AA25-C02F85FF1C56}
	EndGlobalSection
EndGlobal
